
Microsoft Visual Studio Solution File, Format Version 10.00
# Visual Studio 2008
Project("{8BC9CEB8-8B4A-11D0-8D11-00A0C91BC942}") = "ft2232h_SPI_audio_4IN", "ft2232h_SPI_audio_4IN\ft2232h_SPI_audio_4IN.vcproj", "{4C5D7B04-9576-4F32-9BE0-FC192688EA0D}"
EndProject
Global
	GlobalSection(SolutionConfigurationPlatforms) = preSolution
		Debug|Win32 = Debug|Win32
		Release|Win32 = Release|Win32
	EndGlobalSection
	GlobalSection(ProjectConfigurationPlatforms) = postSolution
		{4C5D7B04-9576-4F32-9BE0-FC192688EA0D}.Debug|Win32.ActiveCfg = Debug|Win32
		{4C5D7B04-9576-4F32-9BE0-FC192688EA0D}.Debug|Win32.Build.0 = Debug|Win32
		{4C5D7B04-9576-4F32-9BE0-FC192688EA0D}.Release|Win32.ActiveCfg = Release|Win32
		{4C5D7B04-9576-4F32-9BE0-FC192688EA0D}.Release|Win32.Build.0 = Release|Win32
	EndGlobalSection
	GlobalSection(SolutionProperties) = preSolution
		HideSolutionNode = FALSE
	EndGlobalSection
EndGlobal
